// !$*UTF8*$!
{
	archiveVersion = 1;
	classes = {
	};
	objectVersion = 77;
	objects = {

/* Begin PBXBuildFile section */
		742139F52F0B1DF100C8998F /* PowerSync in Frameworks */ = {isa = PBXBuildFile; productRef = 742139F42F0B1DF100C8998F /* PowerSync */; };
		742139F72F0B1DFE00C8998F /* PowerSync in Frameworks */ = {isa = PBXBuildFile; productRef = 742139F62F0B1DFE00C8998F /* PowerSync */; };
		742139F92F0B1E1400C8998F /* Supabase in Frameworks */ = {isa = PBXBuildFile; productRef = 742139F82F0B1E1400C8998F /* Supabase */; };
		742139FB2F0B1E1F00C8998F /* Supabase in Frameworks */ = {isa = PBXBuildFile; productRef = 742139FA2F0B1E1F00C8998F /* Supabase */; };
		742139FF2F0B1E3A00C8998F /* Storage in Frameworks */ = {isa = PBXBuildFile; productRef = 742139FE2F0B1E3A00C8998F /* Storage */; };
		74213A032F0B1E4700C8998F /* Storage in Frameworks */ = {isa = PBXBuildFile; productRef = 74213A022F0B1E4700C8998F /* Storage */; };
		74213A072F0B213300C8998F /* PostgREST in Frameworks */ = {isa = PBXBuildFile; productRef = 74213A062F0B213300C8998F /* PostgREST */; };
		74EADF572F00A0B500518328 /* AnkiParser in Frameworks */ = {isa = PBXBuildFile; productRef = 74EADF562F00A0B500518328 /* AnkiParser */; };
		74FA838C2F00549900E0EDFD /* MarkdownUI in Frameworks */ = {isa = PBXBuildFile; productRef = 74FA838B2F00549900E0EDFD /* MarkdownUI */; };
		74FSRS012F00B0C600518328 /* FSRSSwift in Frameworks */ = {isa = PBXBuildFile; productRef = 74FSRS002F00B0C600518328 /* FSRSSwift */; };
		74IOS0012F01A0B500518328 /* AnkiParser in Frameworks */ = {isa = PBXBuildFile; productRef = 74IOS0022F01A0B500518328 /* AnkiParser */; };
		74IOS0032F01549900E0EDFD /* MarkdownUI in Frameworks */ = {isa = PBXBuildFile; productRef = 74IOS0042F01549900E0EDFD /* MarkdownUI */; };
		74IOS0052F01B0C600518328 /* FSRSSwift in Frameworks */ = {isa = PBXBuildFile; productRef = 74IOS0062F01B0C600518328 /* FSRSSwift */; };
/* End PBXBuildFile section */

/* Begin PBXFileReference section */
		74CA28D92EFDF3FE009FA3D0 /* Saegim.app */ = {isa = PBXFileReference; explicitFileType = wrapper.application; includeInIndex = 0; path = Saegim.app; sourceTree = BUILT_PRODUCTS_DIR; };
		74IOS0072F01C0D600518328 /* Saegim.app */ = {isa = PBXFileReference; explicitFileType = wrapper.application; includeInIndex = 0; path = Saegim.app; sourceTree = BUILT_PRODUCTS_DIR; };
/* End PBXFileReference section */

/* Begin PBXFileSystemSynchronizedBuildFileExceptionSet section */
		74IOS0082F01D0E700518328 /* Exceptions for "saegim" folder in "saegim-iOS" target */ = {
			isa = PBXFileSystemSynchronizedBuildFileExceptionSet;
			membershipExceptions = (
				ContentView.swift,
				SaegimApp.swift,
				Views/AllCardsView.swift,
				Views/CardEditorSheet.swift,
				Views/Components/ScrollHeader.swift,
				Views/DashboardView.swift,
				Views/DeckDetailView.swift,
				Views/DueTodayView.swift,
				Views/NewDeckSheet.swift,
				Views/SettingsView.swift,
				Views/StudySessionView.swift,
			);
			target = 74IOS0092F01C0D600518328 /* saegim-iOS */;
		};
		74MAC0012F01D0E700518328 /* Exceptions for "saegim" folder in "saegim-macOS" target */ = {
			isa = PBXFileSystemSynchronizedBuildFileExceptionSet;
			membershipExceptions = (
				iOS/ContentView_iOS.swift,
				iOS/SaegimApp_iOS.swift,
				iOS/Views/DeckListView_iOS.swift,
				iOS/Views/DueTodayView_iOS.swift,
				iOS/Views/SettingsView_iOS.swift,
			);
			target = 74CA28D82EFDF3FE009FA3D0 /* saegim-macOS */;
		};
/* End PBXFileSystemSynchronizedBuildFileExceptionSet section */

/* Begin PBXFileSystemSynchronizedRootGroup section */
		74CA28DB2EFDF3FE009FA3D0 /* saegim */ = {
			isa = PBXFileSystemSynchronizedRootGroup;
			exceptions = (
				74MAC0012F01D0E700518328 /* Exceptions for "saegim" folder in "saegim-macOS" target */,
				74IOS0082F01D0E700518328 /* Exceptions for "saegim" folder in "saegim-iOS" target */,
			);
			path = saegim;
			sourceTree = "<group>";
		};
/* End PBXFileSystemSynchronizedRootGroup section */

/* Begin PBXFrameworksBuildPhase section */
		74CA28D62EFDF3FE009FA3D0 /* Frameworks */ = {
			isa = PBXFrameworksBuildPhase;
			buildActionMask = 2147483647;
			files = (
				742139F92F0B1E1400C8998F /* Supabase in Frameworks */,
				74FA838C2F00549900E0EDFD /* MarkdownUI in Frameworks */,
				742139FF2F0B1E3A00C8998F /* Storage in Frameworks */,
				74EADF572F00A0B500518328 /* AnkiParser in Frameworks */,
				74FSRS012F00B0C600518328 /* FSRSSwift in Frameworks */,
				742139F52F0B1DF100C8998F /* PowerSync in Frameworks */,
			);
			runOnlyForDeploymentPostprocessing = 0;
		};
		74IOS00A2F01C0D600518328 /* Frameworks */ = {
			isa = PBXFrameworksBuildPhase;
			buildActionMask = 2147483647;
			files = (
				742139FB2F0B1E1F00C8998F /* Supabase in Frameworks */,
				74IOS0032F01549900E0EDFD /* MarkdownUI in Frameworks */,
				74213A032F0B1E4700C8998F /* Storage in Frameworks */,
				74213A072F0B213300C8998F /* PostgREST in Frameworks */,
				74IOS0012F01A0B500518328 /* AnkiParser in Frameworks */,
				74IOS0052F01B0C600518328 /* FSRSSwift in Frameworks */,
				742139F72F0B1DFE00C8998F /* PowerSync in Frameworks */,
			);
			runOnlyForDeploymentPostprocessing = 0;
		};
/* End PBXFrameworksBuildPhase section */

/* Begin PBXGroup section */
		74213A082F0B23F600C8998F /* Frameworks */ = {
			isa = PBXGroup;
			children = (
			);
			name = Frameworks;
			sourceTree = "<group>";
		};
		74CA28D02EFDF3FE009FA3D0 = {
			isa = PBXGroup;
			children = (
				74CA28DB2EFDF3FE009FA3D0 /* saegim */,
				74213A082F0B23F600C8998F /* Frameworks */,
				74CA28DA2EFDF3FE009FA3D0 /* Products */,
			);
			sourceTree = "<group>";
		};
		74CA28DA2EFDF3FE009FA3D0 /* Products */ = {
			isa = PBXGroup;
			children = (
				74CA28D92EFDF3FE009FA3D0 /* Saegim.app */,
				74IOS0072F01C0D600518328 /* Saegim.app */,
			);
			name = Products;
			sourceTree = "<group>";
		};
/* End PBXGroup section */

/* Begin PBXNativeTarget section */
		74CA28D82EFDF3FE009FA3D0 /* saegim-macOS */ = {
			isa = PBXNativeTarget;
			buildConfigurationList = 74CA28E42EFDF400009FA3D0 /* Build configuration list for PBXNativeTarget "saegim-macOS" */;
			buildPhases = (
				74CA28D52EFDF3FE009FA3D0 /* Sources */,
				74CA28D62EFDF3FE009FA3D0 /* Frameworks */,
				74CA28D72EFDF3FE009FA3D0 /* Resources */,
			);
			buildRules = (
			);
			dependencies = (
			);
			fileSystemSynchronizedGroups = (
				74CA28DB2EFDF3FE009FA3D0 /* saegim */,
			);
			name = "saegim-macOS";
			packageProductDependencies = (
				74FA838B2F00549900E0EDFD /* MarkdownUI */,
				74EADF562F00A0B500518328 /* AnkiParser */,
				74FSRS002F00B0C600518328 /* FSRSSwift */,
				742139F42F0B1DF100C8998F /* PowerSync */,
				742139F82F0B1E1400C8998F /* Supabase */,
				742139FE2F0B1E3A00C8998F /* Storage */,
			);
			productName = saegim;
			productReference = 74CA28D92EFDF3FE009FA3D0 /* Saegim.app */;
			productType = "com.apple.product-type.application";
		};
		74IOS0092F01C0D600518328 /* saegim-iOS */ = {
			isa = PBXNativeTarget;
			buildConfigurationList = 74IOS00B2F01C0D600518328 /* Build configuration list for PBXNativeTarget "saegim-iOS" */;
			buildPhases = (
				74IOS00C2F01C0D600518328 /* Sources */,
				74IOS00A2F01C0D600518328 /* Frameworks */,
				74IOS00D2F01C0D600518328 /* Resources */,
			);
			buildRules = (
			);
			dependencies = (
			);
			fileSystemSynchronizedGroups = (
				74CA28DB2EFDF3FE009FA3D0 /* saegim */,
			);
			name = "saegim-iOS";
			packageProductDependencies = (
				74IOS0042F01549900E0EDFD /* MarkdownUI */,
				74IOS0022F01A0B500518328 /* AnkiParser */,
				74IOS0062F01B0C600518328 /* FSRSSwift */,
				742139F62F0B1DFE00C8998F /* PowerSync */,
				742139FA2F0B1E1F00C8998F /* Supabase */,
				74213A022F0B1E4700C8998F /* Storage */,
				74213A062F0B213300C8998F /* PostgREST */,
			);
			productName = "saegim-iOS";
			productReference = 74IOS0072F01C0D600518328 /* Saegim.app */;
			productType = "com.apple.product-type.application";
		};
/* End PBXNativeTarget section */

/* Begin PBXProject section */
		74CA28D12EFDF3FE009FA3D0 /* Project object */ = {
			isa = PBXProject;
			attributes = {
				BuildIndependentTargetsInParallel = 1;
				LastSwiftUpdateCheck = 2600;
				LastUpgradeCheck = 2600;
				TargetAttributes = {
					74CA28D82EFDF3FE009FA3D0 = {
						CreatedOnToolsVersion = 26.0;
					};
					74IOS0092F01C0D600518328 = {
						CreatedOnToolsVersion = 26.0;
					};
				};
			};
			buildConfigurationList = 74CA28D42EFDF3FE009FA3D0 /* Build configuration list for PBXProject "saegim" */;
			developmentRegion = en;
			hasScannedForEncodings = 0;
			knownRegions = (
				en,
				Base,
			);
			mainGroup = 74CA28D02EFDF3FE009FA3D0;
			minimizedProjectReferenceProxies = 1;
			packageReferences = (
				74FA838A2F00549900E0EDFD /* XCRemoteSwiftPackageReference "swift-markdown-ui" */,
				74EADF552F00A0B500518328 /* XCLocalSwiftPackageReference "../AnkiParserSwift" */,
				74FSRS022F00B0C600518328 /* XCLocalSwiftPackageReference "../FSRSSwift" */,
				742139F22F0B190E00C8998F /* XCRemoteSwiftPackageReference "supabase-swift" */,
				742139F32F0B196E00C8998F /* XCRemoteSwiftPackageReference "powersync-swift" */,
			);
			preferredProjectObjectVersion = 77;
			productRefGroup = 74CA28DA2EFDF3FE009FA3D0 /* Products */;
			projectDirPath = "";
			projectRoot = "";
			targets = (
				74CA28D82EFDF3FE009FA3D0 /* saegim-macOS */,
				74IOS0092F01C0D600518328 /* saegim-iOS */,
			);
		};
/* End PBXProject section */

/* Begin PBXResourcesBuildPhase section */
		74CA28D72EFDF3FE009FA3D0 /* Resources */ = {
			isa = PBXResourcesBuildPhase;
			buildActionMask = 2147483647;
			files = (
			);
			runOnlyForDeploymentPostprocessing = 0;
		};
		74IOS00D2F01C0D600518328 /* Resources */ = {
			isa = PBXResourcesBuildPhase;
			buildActionMask = 2147483647;
			files = (
			);
			runOnlyForDeploymentPostprocessing = 0;
		};
/* End PBXResourcesBuildPhase section */

/* Begin PBXSourcesBuildPhase section */
		74CA28D52EFDF3FE009FA3D0 /* Sources */ = {
			isa = PBXSourcesBuildPhase;
			buildActionMask = 2147483647;
			files = (
			);
			runOnlyForDeploymentPostprocessing = 0;
		};
		74IOS00C2F01C0D600518328 /* Sources */ = {
			isa = PBXSourcesBuildPhase;
			buildActionMask = 2147483647;
			files = (
			);
			runOnlyForDeploymentPostprocessing = 0;
		};
/* End PBXSourcesBuildPhase section */

/* Begin XCBuildConfiguration section */
		74CA28E22EFDF400009FA3D0 /* Debug */ = {
			isa = XCBuildConfiguration;
			buildSettings = {
				ALWAYS_SEARCH_USER_PATHS = NO;
				ASSETCATALOG_COMPILER_GENERATE_SWIFT_ASSET_SYMBOL_EXTENSIONS = YES;
				CLANG_ANALYZER_NONNULL = YES;
				CLANG_ANALYZER_NUMBER_OBJECT_CONVERSION = YES_AGGRESSIVE;
				CLANG_CXX_LANGUAGE_STANDARD = "gnu++20";
				CLANG_ENABLE_MODULES = YES;
				CLANG_ENABLE_OBJC_ARC = YES;
				CLANG_ENABLE_OBJC_WEAK = YES;
				CLANG_WARN_BLOCK_CAPTURE_AUTORELEASING = YES;
				CLANG_WARN_BOOL_CONVERSION = YES;
				CLANG_WARN_COMMA = YES;
				CLANG_WARN_CONSTANT_CONVERSION = YES;
				CLANG_WARN_DEPRECATED_OBJC_IMPLEMENTATIONS = YES;
				CLANG_WARN_DIRECT_OBJC_ISA_USAGE = YES_ERROR;
				CLANG_WARN_DOCUMENTATION_COMMENTS = YES;
				CLANG_WARN_EMPTY_BODY = YES;
				CLANG_WARN_ENUM_CONVERSION = YES;
				CLANG_WARN_INFINITE_RECURSION = YES;
				CLANG_WARN_INT_CONVERSION = YES;
				CLANG_WARN_NON_LITERAL_NULL_CONVERSION = YES;
				CLANG_WARN_OBJC_IMPLICIT_RETAIN_SELF = YES;
				CLANG_WARN_OBJC_LITERAL_CONVERSION = YES;
				CLANG_WARN_OBJC_ROOT_CLASS = YES_ERROR;
				CLANG_WARN_QUOTED_INCLUDE_IN_FRAMEWORK_HEADER = YES;
				CLANG_WARN_RANGE_LOOP_ANALYSIS = YES;
				CLANG_WARN_STRICT_PROTOTYPES = YES;
				CLANG_WARN_SUSPICIOUS_MOVE = YES;
				CLANG_WARN_UNGUARDED_AVAILABILITY = YES_AGGRESSIVE;
				CLANG_WARN_UNREACHABLE_CODE = YES;
				CLANG_WARN__DUPLICATE_METHOD_MATCH = YES;
				COPY_PHASE_STRIP = NO;
				DEBUG_INFORMATION_FORMAT = dwarf;
				ENABLE_STRICT_OBJC_MSGSEND = YES;
				ENABLE_TESTABILITY = YES;
				ENABLE_USER_SCRIPT_SANDBOXING = YES;
				GCC_C_LANGUAGE_STANDARD = gnu17;
				GCC_DYNAMIC_NO_PIC = NO;
				GCC_NO_COMMON_BLOCKS = YES;
				GCC_OPTIMIZATION_LEVEL = 0;
				GCC_PREPROCESSOR_DEFINITIONS = (
					"DEBUG=1",
					"$(inherited)",
				);
				GCC_WARN_64_TO_32_BIT_CONVERSION = YES;
				GCC_WARN_ABOUT_RETURN_TYPE = YES_ERROR;
				GCC_WARN_UNDECLARED_SELECTOR = YES;
				GCC_WARN_UNINITIALIZED_AUTOS = YES_AGGRESSIVE;
				GCC_WARN_UNUSED_FUNCTION = YES;
				GCC_WARN_UNUSED_VARIABLE = YES;
				LOCALIZATION_PREFERS_STRING_CATALOGS = YES;
				MTL_ENABLE_DEBUG_INFO = INCLUDE_SOURCE;
				MTL_FAST_MATH = YES;
				ONLY_ACTIVE_ARCH = YES;
				SWIFT_ACTIVE_COMPILATION_CONDITIONS = "DEBUG $(inherited)";
				SWIFT_OPTIMIZATION_LEVEL = "-Onone";
			};
			name = Debug;
		};
		74CA28E32EFDF400009FA3D0 /* Release */ = {
			isa = XCBuildConfiguration;
			buildSettings = {
				ALWAYS_SEARCH_USER_PATHS = NO;
				ASSETCATALOG_COMPILER_GENERATE_SWIFT_ASSET_SYMBOL_EXTENSIONS = YES;
				CLANG_ANALYZER_NONNULL = YES;
				CLANG_ANALYZER_NUMBER_OBJECT_CONVERSION = YES_AGGRESSIVE;
				CLANG_CXX_LANGUAGE_STANDARD = "gnu++20";
				CLANG_ENABLE_MODULES = YES;
				CLANG_ENABLE_OBJC_ARC = YES;
				CLANG_ENABLE_OBJC_WEAK = YES;
				CLANG_WARN_BLOCK_CAPTURE_AUTORELEASING = YES;
				CLANG_WARN_BOOL_CONVERSION = YES;
				CLANG_WARN_COMMA = YES;
				CLANG_WARN_CONSTANT_CONVERSION = YES;
				CLANG_WARN_DEPRECATED_OBJC_IMPLEMENTATIONS = YES;
				CLANG_WARN_DIRECT_OBJC_ISA_USAGE = YES_ERROR;
				CLANG_WARN_DOCUMENTATION_COMMENTS = YES;
				CLANG_WARN_EMPTY_BODY = YES;
				CLANG_WARN_ENUM_CONVERSION = YES;
				CLANG_WARN_INFINITE_RECURSION = YES;
				CLANG_WARN_INT_CONVERSION = YES;
				CLANG_WARN_NON_LITERAL_NULL_CONVERSION = YES;
				CLANG_WARN_OBJC_IMPLICIT_RETAIN_SELF = YES;
				CLANG_WARN_OBJC_LITERAL_CONVERSION = YES;
				CLANG_WARN_OBJC_ROOT_CLASS = YES_ERROR;
				CLANG_WARN_QUOTED_INCLUDE_IN_FRAMEWORK_HEADER = YES;
				CLANG_WARN_RANGE_LOOP_ANALYSIS = YES;
				CLANG_WARN_STRICT_PROTOTYPES = YES;
				CLANG_WARN_SUSPICIOUS_MOVE = YES;
				CLANG_WARN_UNGUARDED_AVAILABILITY = YES_AGGRESSIVE;
				CLANG_WARN_UNREACHABLE_CODE = YES;
				CLANG_WARN__DUPLICATE_METHOD_MATCH = YES;
				COPY_PHASE_STRIP = NO;
				DEBUG_INFORMATION_FORMAT = "dwarf-with-dsym";
				ENABLE_NS_ASSERTIONS = NO;
				ENABLE_STRICT_OBJC_MSGSEND = YES;
				ENABLE_USER_SCRIPT_SANDBOXING = YES;
				GCC_C_LANGUAGE_STANDARD = gnu17;
				GCC_NO_COMMON_BLOCKS = YES;
				GCC_WARN_64_TO_32_BIT_CONVERSION = YES;
				GCC_WARN_ABOUT_RETURN_TYPE = YES_ERROR;
				GCC_WARN_UNDECLARED_SELECTOR = YES;
				GCC_WARN_UNINITIALIZED_AUTOS = YES_AGGRESSIVE;
				GCC_WARN_UNUSED_FUNCTION = YES;
				GCC_WARN_UNUSED_VARIABLE = YES;
				LOCALIZATION_PREFERS_STRING_CATALOGS = YES;
				MTL_ENABLE_DEBUG_INFO = NO;
				MTL_FAST_MATH = YES;
				SWIFT_COMPILATION_MODE = wholemodule;
			};
			name = Release;
		};
		74CA28E52EFDF400009FA3D0 /* Debug */ = {
			isa = XCBuildConfiguration;
			buildSettings = {
				ASSETCATALOG_COMPILER_APPICON_NAME = AppIcon;
				ASSETCATALOG_COMPILER_GLOBAL_ACCENT_COLOR_NAME = AccentColor;
				ASSETCATALOG_COMPILER_INCLUDE_ALL_APPICON_ASSETS = NO;
				CODE_SIGN_IDENTITY = "Apple Development";
				CODE_SIGN_STYLE = Automatic;
				CURRENT_PROJECT_VERSION = 1;
				DEVELOPMENT_TEAM = 84QSJK68P2;
				ENABLE_APP_SANDBOX = YES;
				ENABLE_INCOMING_NETWORK_CONNECTIONS = NO;
				ENABLE_OUTGOING_NETWORK_CONNECTIONS = YES;
				ENABLE_PREVIEWS = YES;
				ENABLE_RESOURCE_ACCESS_AUDIO_INPUT = NO;
				ENABLE_RESOURCE_ACCESS_BLUETOOTH = NO;
				ENABLE_RESOURCE_ACCESS_CALENDARS = NO;
				ENABLE_RESOURCE_ACCESS_CAMERA = NO;
				ENABLE_RESOURCE_ACCESS_CONTACTS = NO;
				ENABLE_RESOURCE_ACCESS_LOCATION = NO;
				ENABLE_RESOURCE_ACCESS_PRINTING = NO;
				ENABLE_RESOURCE_ACCESS_USB = NO;
				ENABLE_USER_SELECTED_FILES = readonly;
				GENERATE_INFOPLIST_FILE = YES;
				INFOPLIST_KEY_CFBundleDisplayName = Saegim;
				INFOPLIST_KEY_LSApplicationCategoryType = "public.app-category.utilities";
				LD_RUNPATH_SEARCH_PATHS = "@executable_path/../Frameworks";
				MACOSX_DEPLOYMENT_TARGET = 26.0;
				MARKETING_VERSION = 1.0;
				PRODUCT_BUNDLE_IDENTIFIER = com.yeginbay.saegim;
				PRODUCT_NAME = Saegim;
				PROVISIONING_PROFILE_SPECIFIER = "";
				SDKROOT = macosx;
				STRING_CATALOG_GENERATE_SYMBOLS = YES;
				SUPPORTED_PLATFORMS = macosx;
				SWIFT_APPROACHABLE_CONCURRENCY = YES;
				SWIFT_DEFAULT_ACTOR_ISOLATION = MainActor;
				SWIFT_EMIT_LOC_STRINGS = YES;
				SWIFT_UPCOMING_FEATURE_MEMBER_IMPORT_VISIBILITY = YES;
				SWIFT_VERSION = 5.0;
			};
			name = Debug;
		};
		74CA28E62EFDF400009FA3D0 /* Release */ = {
			isa = XCBuildConfiguration;
			buildSettings = {
				ASSETCATALOG_COMPILER_APPICON_NAME = AppIcon;
				ASSETCATALOG_COMPILER_GLOBAL_ACCENT_COLOR_NAME = AccentColor;
				ASSETCATALOG_COMPILER_INCLUDE_ALL_APPICON_ASSETS = NO;
				CODE_SIGN_IDENTITY = "Apple Development";
				CODE_SIGN_STYLE = Automatic;
				CURRENT_PROJECT_VERSION = 1;
				DEVELOPMENT_TEAM = 84QSJK68P2;
				ENABLE_APP_SANDBOX = YES;
				ENABLE_INCOMING_NETWORK_CONNECTIONS = NO;
				ENABLE_OUTGOING_NETWORK_CONNECTIONS = YES;
				ENABLE_PREVIEWS = YES;
				ENABLE_RESOURCE_ACCESS_AUDIO_INPUT = NO;
				ENABLE_RESOURCE_ACCESS_BLUETOOTH = NO;
				ENABLE_RESOURCE_ACCESS_CALENDARS = NO;
				ENABLE_RESOURCE_ACCESS_CAMERA = NO;
				ENABLE_RESOURCE_ACCESS_CONTACTS = NO;
				ENABLE_RESOURCE_ACCESS_LOCATION = NO;
				ENABLE_RESOURCE_ACCESS_PRINTING = NO;
				ENABLE_RESOURCE_ACCESS_USB = NO;
				ENABLE_USER_SELECTED_FILES = readonly;
				GENERATE_INFOPLIST_FILE = YES;
				INFOPLIST_KEY_CFBundleDisplayName = Saegim;
				INFOPLIST_KEY_LSApplicationCategoryType = "public.app-category.utilities";
				LD_RUNPATH_SEARCH_PATHS = "@executable_path/../Frameworks";
				MACOSX_DEPLOYMENT_TARGET = 26.0;
				MARKETING_VERSION = 1.0;
				PRODUCT_BUNDLE_IDENTIFIER = com.yeginbay.saegim;
				PRODUCT_NAME = Saegim;
				PROVISIONING_PROFILE_SPECIFIER = "";
				SDKROOT = macosx;
				STRING_CATALOG_GENERATE_SYMBOLS = YES;
				SUPPORTED_PLATFORMS = macosx;
				SWIFT_APPROACHABLE_CONCURRENCY = YES;
				SWIFT_DEFAULT_ACTOR_ISOLATION = MainActor;
				SWIFT_EMIT_LOC_STRINGS = YES;
				SWIFT_UPCOMING_FEATURE_MEMBER_IMPORT_VISIBILITY = YES;
				SWIFT_VERSION = 5.0;
			};
			name = Release;
		};
		74IOS00E2F01C0D600518328 /* Debug */ = {
			isa = XCBuildConfiguration;
			buildSettings = {
				ASSETCATALOG_COMPILER_APPICON_NAME = AppIcon;
				ASSETCATALOG_COMPILER_GLOBAL_ACCENT_COLOR_NAME = AccentColor;
				ASSETCATALOG_COMPILER_INCLUDE_ALL_APPICON_ASSETS = NO;
				CODE_SIGN_IDENTITY = "Apple Development";
				CODE_SIGN_STYLE = Automatic;
				CURRENT_PROJECT_VERSION = 1;
				DEVELOPMENT_TEAM = 84QSJK68P2;
				ENABLE_PREVIEWS = YES;
				GENERATE_INFOPLIST_FILE = YES;
				INFOPLIST_KEY_CFBundleDisplayName = Saegim;
				INFOPLIST_KEY_LSApplicationCategoryType = "public.app-category.utilities";
				INFOPLIST_KEY_UIApplicationSceneManifest_Generation = YES;
				INFOPLIST_KEY_UIApplicationSupportsIndirectInputEvents = YES;
				INFOPLIST_KEY_UILaunchScreen_Generation = YES;
				INFOPLIST_KEY_UIStatusBarStyle = UIStatusBarStyleDefault;
				INFOPLIST_KEY_UISupportedInterfaceOrientations_iPad = "UIInterfaceOrientationPortrait UIInterfaceOrientationPortraitUpsideDown UIInterfaceOrientationLandscapeLeft UIInterfaceOrientationLandscapeRight";
				INFOPLIST_KEY_UISupportedInterfaceOrientations_iPhone = "UIInterfaceOrientationPortrait UIInterfaceOrientationLandscapeLeft UIInterfaceOrientationLandscapeRight";
				IPHONEOS_DEPLOYMENT_TARGET = 17.0;
				LD_RUNPATH_SEARCH_PATHS = "@executable_path/Frameworks";
				MARKETING_VERSION = 1.0;
				PRODUCT_BUNDLE_IDENTIFIER = com.yeginbay.saegim.ios;
				PRODUCT_NAME = Saegim;
				PROVISIONING_PROFILE_SPECIFIER = "";
				SDKROOT = iphoneos;
				STRING_CATALOG_GENERATE_SYMBOLS = YES;
				SUPPORTED_PLATFORMS = "iphoneos iphonesimulator";
				SWIFT_APPROACHABLE_CONCURRENCY = YES;
				SWIFT_DEFAULT_ACTOR_ISOLATION = MainActor;
				SWIFT_EMIT_LOC_STRINGS = YES;
				SWIFT_UPCOMING_FEATURE_MEMBER_IMPORT_VISIBILITY = YES;
				SWIFT_VERSION = 5.0;
				TARGETED_DEVICE_FAMILY = "1,2";
			};
			name = Debug;
		};
		74IOS00F2F01C0D600518328 /* Release */ = {
			isa = XCBuildConfiguration;
			buildSettings = {
				ASSETCATALOG_COMPILER_APPICON_NAME = AppIcon;
				ASSETCATALOG_COMPILER_GLOBAL_ACCENT_COLOR_NAME = AccentColor;
				ASSETCATALOG_COMPILER_INCLUDE_ALL_APPICON_ASSETS = NO;
				CODE_SIGN_IDENTITY = "Apple Development";
				CODE_SIGN_STYLE = Automatic;
				CURRENT_PROJECT_VERSION = 1;
				DEVELOPMENT_TEAM = 84QSJK68P2;
				ENABLE_PREVIEWS = YES;
				GENERATE_INFOPLIST_FILE = YES;
				INFOPLIST_KEY_CFBundleDisplayName = Saegim;
				INFOPLIST_KEY_LSApplicationCategoryType = "public.app-category.utilities";
				INFOPLIST_KEY_UIApplicationSceneManifest_Generation = YES;
				INFOPLIST_KEY_UIApplicationSupportsIndirectInputEvents = YES;
				INFOPLIST_KEY_UILaunchScreen_Generation = YES;
				INFOPLIST_KEY_UIStatusBarStyle = UIStatusBarStyleDefault;
				INFOPLIST_KEY_UISupportedInterfaceOrientations_iPad = "UIInterfaceOrientationPortrait UIInterfaceOrientationPortraitUpsideDown UIInterfaceOrientationLandscapeLeft UIInterfaceOrientationLandscapeRight";
				INFOPLIST_KEY_UISupportedInterfaceOrientations_iPhone = "UIInterfaceOrientationPortrait UIInterfaceOrientationLandscapeLeft UIInterfaceOrientationLandscapeRight";
				IPHONEOS_DEPLOYMENT_TARGET = 17.0;
				LD_RUNPATH_SEARCH_PATHS = "@executable_path/Frameworks";
				MARKETING_VERSION = 1.0;
				PRODUCT_BUNDLE_IDENTIFIER = com.yeginbay.saegim.ios;
				PRODUCT_NAME = Saegim;
				PROVISIONING_PROFILE_SPECIFIER = "";
				SDKROOT = iphoneos;
				STRING_CATALOG_GENERATE_SYMBOLS = YES;
				SUPPORTED_PLATFORMS = "iphoneos iphonesimulator";
				SWIFT_APPROACHABLE_CONCURRENCY = YES;
				SWIFT_DEFAULT_ACTOR_ISOLATION = MainActor;
				SWIFT_EMIT_LOC_STRINGS = YES;
				SWIFT_UPCOMING_FEATURE_MEMBER_IMPORT_VISIBILITY = YES;
				SWIFT_VERSION = 5.0;
				TARGETED_DEVICE_FAMILY = "1,2";
			};
			name = Release;
		};
/* End XCBuildConfiguration section */

/* Begin XCConfigurationList section */
		74CA28D42EFDF3FE009FA3D0 /* Build configuration list for PBXProject "saegim" */ = {
			isa = XCConfigurationList;
			buildConfigurations = (
				74CA28E22EFDF400009FA3D0 /* Debug */,
				74CA28E32EFDF400009FA3D0 /* Release */,
			);
			defaultConfigurationIsVisible = 0;
			defaultConfigurationName = Release;
		};
		74CA28E42EFDF400009FA3D0 /* Build configuration list for PBXNativeTarget "saegim-macOS" */ = {
			isa = XCConfigurationList;
			buildConfigurations = (
				74CA28E52EFDF400009FA3D0 /* Debug */,
				74CA28E62EFDF400009FA3D0 /* Release */,
			);
			defaultConfigurationIsVisible = 0;
			defaultConfigurationName = Release;
		};
		74IOS00B2F01C0D600518328 /* Build configuration list for PBXNativeTarget "saegim-iOS" */ = {
			isa = XCConfigurationList;
			buildConfigurations = (
				74IOS00E2F01C0D600518328 /* Debug */,
				74IOS00F2F01C0D600518328 /* Release */,
			);
			defaultConfigurationIsVisible = 0;
			defaultConfigurationName = Release;
		};
/* End XCConfigurationList section */

/* Begin XCLocalSwiftPackageReference section */
		74EADF552F00A0B500518328 /* XCLocalSwiftPackageReference "../AnkiParserSwift" */ = {
			isa = XCLocalSwiftPackageReference;
			relativePath = ../AnkiParserSwift;
		};
		74FSRS022F00B0C600518328 /* XCLocalSwiftPackageReference "../FSRSSwift" */ = {
			isa = XCLocalSwiftPackageReference;
			relativePath = ../FSRSSwift;
		};
/* End XCLocalSwiftPackageReference section */

/* Begin XCRemoteSwiftPackageReference section */
		742139F22F0B190E00C8998F /* XCRemoteSwiftPackageReference "supabase-swift" */ = {
			isa = XCRemoteSwiftPackageReference;
			repositoryURL = "https://github.com/supabase-community/supabase-swift";
			requirement = {
				kind = upToNextMajorVersion;
				minimumVersion = 2.5.1;
			};
		};
		742139F32F0B196E00C8998F /* XCRemoteSwiftPackageReference "powersync-swift" */ = {
			isa = XCRemoteSwiftPackageReference;
			repositoryURL = "https://github.com/powersync-ja/powersync-swift";
			requirement = {
				kind = upToNextMajorVersion;
				minimumVersion = 1.8.2;
			};
		};
		74FA838A2F00549900E0EDFD /* XCRemoteSwiftPackageReference "swift-markdown-ui" */ = {
			isa = XCRemoteSwiftPackageReference;
			repositoryURL = "https://github.com/gonzalezreal/swift-markdown-ui";
			requirement = {
				branch = main;
				kind = branch;
			};
		};
/* End XCRemoteSwiftPackageReference section */

/* Begin XCSwiftPackageProductDependency section */
		742139F42F0B1DF100C8998F /* PowerSync */ = {
			isa = XCSwiftPackageProductDependency;
			package = 742139F32F0B196E00C8998F /* XCRemoteSwiftPackageReference "powersync-swift" */;
			productName = PowerSync;
		};
		742139F62F0B1DFE00C8998F /* PowerSync */ = {
			isa = XCSwiftPackageProductDependency;
			package = 742139F32F0B196E00C8998F /* XCRemoteSwiftPackageReference "powersync-swift" */;
			productName = PowerSync;
		};
		742139F82F0B1E1400C8998F /* Supabase */ = {
			isa = XCSwiftPackageProductDependency;
			package = 742139F22F0B190E00C8998F /* XCRemoteSwiftPackageReference "supabase-swift" */;
			productName = Supabase;
		};
		742139FA2F0B1E1F00C8998F /* Supabase */ = {
			isa = XCSwiftPackageProductDependency;
			package = 742139F22F0B190E00C8998F /* XCRemoteSwiftPackageReference "supabase-swift" */;
			productName = Supabase;
		};
		742139FE2F0B1E3A00C8998F /* Storage */ = {
			isa = XCSwiftPackageProductDependency;
			package = 742139F22F0B190E00C8998F /* XCRemoteSwiftPackageReference "supabase-swift" */;
			productName = Storage;
		};
		74213A022F0B1E4700C8998F /* Storage */ = {
			isa = XCSwiftPackageProductDependency;
			package = 742139F22F0B190E00C8998F /* XCRemoteSwiftPackageReference "supabase-swift" */;
			productName = Storage;
		};
		74213A062F0B213300C8998F /* PostgREST */ = {
			isa = XCSwiftPackageProductDependency;
			package = 742139F22F0B190E00C8998F /* XCRemoteSwiftPackageReference "supabase-swift" */;
			productName = PostgREST;
		};
		74EADF562F00A0B500518328 /* AnkiParser */ = {
			isa = XCSwiftPackageProductDependency;
			productName = AnkiParser;
		};
		74FA838B2F00549900E0EDFD /* MarkdownUI */ = {
			isa = XCSwiftPackageProductDependency;
			package = 74FA838A2F00549900E0EDFD /* XCRemoteSwiftPackageReference "swift-markdown-ui" */;
			productName = MarkdownUI;
		};
		74FSRS002F00B0C600518328 /* FSRSSwift */ = {
			isa = XCSwiftPackageProductDependency;
			productName = FSRSSwift;
		};
		74IOS0022F01A0B500518328 /* AnkiParser */ = {
			isa = XCSwiftPackageProductDependency;
			productName = AnkiParser;
		};
		74IOS0042F01549900E0EDFD /* MarkdownUI */ = {
			isa = XCSwiftPackageProductDependency;
			package = 74FA838A2F00549900E0EDFD /* XCRemoteSwiftPackageReference "swift-markdown-ui" */;
			productName = MarkdownUI;
		};
		74IOS0062F01B0C600518328 /* FSRSSwift */ = {
			isa = XCSwiftPackageProductDependency;
			productName = FSRSSwift;
		};
/* End XCSwiftPackageProductDependency section */
	};
	rootObject = 74CA28D12EFDF3FE009FA3D0 /* Project object */;
}
